
Microsoft Visual Studio Solution File, Format Version 12.00
# Visual Studio Version 16
VisualStudioVersion = 16.0.31911.196
MinimumVisualStudioVersion = 10.0.40219.1
Project("{FAE04EC0-301F-11D3-BF4B-00C04F79EFBC}") = "database-vue", "database-vue\database-vue.csproj", "{42A00A1F-E865-463D-95F7-675FE880E4B4}"
EndProject
Global
	GlobalSection(SolutionConfigurationPlatforms) = preSolution
		Debug|Any CPU = Debug|Any CPU
		Release|Any CPU = Release|Any CPU
	EndGlobalSection
	GlobalSection(ProjectConfigurationPlatforms) = postSolution
		{42A00A1F-E865-463D-95F7-675FE880E4B4}.Debug|Any CPU.ActiveCfg = Debug|Any CPU
		{42A00A1F-E865-463D-95F7-675FE880E4B4}.Debug|Any CPU.Build.0 = Debug|Any CPU
		{42A00A1F-E865-463D-95F7-675FE880E4B4}.Release|Any CPU.ActiveCfg = Release|Any CPU
		{42A00A1F-E865-463D-95F7-675FE880E4B4}.Release|Any CPU.Build.0 = Release|Any CPU
	EndGlobalSection
	GlobalSection(SolutionProperties) = preSolution
		HideSolutionNode = FALSE
	EndGlobalSection
	GlobalSection(ExtensibilityGlobals) = postSolution
		SolutionGuid = {B7818F81-1A40-464F-9229-47C48DB77498}
	EndGlobalSection
EndGlobal
